
Microsoft Visual Studio Solution File, Format Version 12.00
# Visual Studio Version 17
VisualStudioVersion = 17.1.32228.430
MinimumVisualStudioVersion = 10.0.40219.1
Project("{8BC9CEB8-8B4A-11D0-8D11-00A0C91BC942}") = "BMI-IMC_Calculator", "BMI-IMC_Calculator\BMI-IMC_Calculator.vcxproj", "{871C0734-3C85-496B-A4BD-21C8E6EFD423}"
EndProject
Global
	GlobalSection(SolutionConfigurationPlatforms) = preSolution
		Debug|x64 = Debug|x64
		Debug|x86 = Debug|x86
		Release|x64 = Release|x64
		Release|x86 = Release|x86
	EndGlobalSection
	GlobalSection(ProjectConfigurationPlatforms) = postSolution
		{871C0734-3C85-496B-A4BD-21C8E6EFD423}.Debug|x64.ActiveCfg = Debug|x64
		{871C0734-3C85-496B-A4BD-21C8E6EFD423}.Debug|x64.Build.0 = Debug|x64
		{871C0734-3C85-496B-A4BD-21C8E6EFD423}.Debug|x86.ActiveCfg = Debug|Win32
		{871C0734-3C85-496B-A4BD-21C8E6EFD423}.Debug|x86.Build.0 = Debug|Win32
		{871C0734-3C85-496B-A4BD-21C8E6EFD423}.Release|x64.ActiveCfg = Release|x64
		{871C0734-3C85-496B-A4BD-21C8E6EFD423}.Release|x64.Build.0 = Release|x64
		{871C0734-3C85-496B-A4BD-21C8E6EFD423}.Release|x86.ActiveCfg = Release|Win32
		{871C0734-3C85-496B-A4BD-21C8E6EFD423}.Release|x86.Build.0 = Release|Win32
	EndGlobalSection
	GlobalSection(SolutionProperties) = preSolution
		HideSolutionNode = FALSE
	EndGlobalSection
	GlobalSection(ExtensibilityGlobals) = postSolution
		SolutionGuid = {2B51989F-A788-4A0E-86A1-BA2AF1E7DA0C}
	EndGlobalSection
EndGlobal
